
Microsoft Visual Studio Solution File, Format Version 12.00
# Visual Studio Version 17
VisualStudioVersion = 17.9.34728.123
MinimumVisualStudioVersion = 10.0.40219.1
Project("{FAE04EC0-301F-11D3-BF4B-00C04F79EFBC}") = "EVETimestamper", "EVETimestamper\EVETimestamper.csproj", "{F59D9C32-2801-4CF7-A6F0-4839E0563AC5}"
EndProject
Global
	GlobalSection(SolutionConfigurationPlatforms) = preSolution
		Debug|Any CPU = Debug|Any CPU
		Release|Any CPU = Release|Any CPU
	EndGlobalSection
	GlobalSection(ProjectConfigurationPlatforms) = postSolution
		{F59D9C32-2801-4CF7-A6F0-4839E0563AC5}.Debug|Any CPU.ActiveCfg = Debug|Any CPU
		{F59D9C32-2801-4CF7-A6F0-4839E0563AC5}.Debug|Any CPU.Build.0 = Debug|Any CPU
		{F59D9C32-2801-4CF7-A6F0-4839E0563AC5}.Release|Any CPU.ActiveCfg = Release|Any CPU
		{F59D9C32-2801-4CF7-A6F0-4839E0563AC5}.Release|Any CPU.Build.0 = Release|Any CPU
	EndGlobalSection
	GlobalSection(SolutionProperties) = preSolution
		HideSolutionNode = FALSE
	EndGlobalSection
	GlobalSection(ExtensibilityGlobals) = postSolution
		SolutionGuid = {11D8C068-F7CB-4369-BA47-36B7788506A3}
	EndGlobalSection
EndGlobal
